
Microsoft Visual Studio Solution File, Format Version 12.00
# Visual Studio Version 16
VisualStudioVersion = 16.0.30523.141
MinimumVisualStudioVersion = 10.0.40219.1
Project("{FAE04EC0-301F-11D3-BF4B-00C04F79EFBC}") = "InfoTareas", "InfoTareas\InfoTareas.csproj", "{CE066AB6-450A-4BDE-BFD7-123D0A51EF51}"
EndProject
Global
	GlobalSection(SolutionConfigurationPlatforms) = preSolution
		Debug|Any CPU = Debug|Any CPU
		Release|Any CPU = Release|Any CPU
	EndGlobalSection
	GlobalSection(ProjectConfigurationPlatforms) = postSolution
		{CE066AB6-450A-4BDE-BFD7-123D0A51EF51}.Debug|Any CPU.ActiveCfg = Debug|Any CPU
		{CE066AB6-450A-4BDE-BFD7-123D0A51EF51}.Debug|Any CPU.Build.0 = Debug|Any CPU
		{CE066AB6-450A-4BDE-BFD7-123D0A51EF51}.Release|Any CPU.ActiveCfg = Release|Any CPU
		{CE066AB6-450A-4BDE-BFD7-123D0A51EF51}.Release|Any CPU.Build.0 = Release|Any CPU
	EndGlobalSection
	GlobalSection(SolutionProperties) = preSolution
		HideSolutionNode = FALSE
	EndGlobalSection
	GlobalSection(ExtensibilityGlobals) = postSolution
		SolutionGuid = {605D1C96-1AE2-45AE-AD73-A88106D3474D}
	EndGlobalSection
EndGlobal
